
Microsoft Visual Studio Solution File, Format Version 12.00
# Visual Studio Version 16
VisualStudioVersion = 16.0.28803.202
MinimumVisualStudioVersion = 10.0.40219.1
Project("{9A19103F-16F7-4668-BE54-9A1E7A4F7556}") = "GacBootcampWebsite", "GacBootcampWebsite\GacBootcampWebsite.csproj", "{EEF075F6-ED93-47A1-8F66-7B85774AA4F4}"
EndProject
Project("{2150E333-8FDC-42A3-9474-1A3956D46DE8}") = "ServiceBus", "ServiceBus", "{774C426A-407D-4BC6-8F10-220A5D56E302}"
EndProject
Project("{FAE04EC0-301F-11D3-BF4B-00C04F79EFBC}") = "ServiceBus.Messages", "ServiceBus.Messages\ServiceBus.Messages.csproj", "{3A7068AB-04F8-4824-B9C3-AFD0D456B7D7}"
EndProject
Project("{FAE04EC0-301F-11D3-BF4B-00C04F79EFBC}") = "ServiceBusFunctions", "src\ServiceBusFunctions\ServiceBusFunctions.csproj", "{216C2DC2-1886-4E72-A72B-6DC9D1934BA8}"
EndProject
Global
	GlobalSection(SolutionConfigurationPlatforms) = preSolution
		Debug|Any CPU = Debug|Any CPU
		Release|Any CPU = Release|Any CPU
	EndGlobalSection
	GlobalSection(ProjectConfigurationPlatforms) = postSolution
		{EEF075F6-ED93-47A1-8F66-7B85774AA4F4}.Debug|Any CPU.ActiveCfg = Debug|Any CPU
		{EEF075F6-ED93-47A1-8F66-7B85774AA4F4}.Debug|Any CPU.Build.0 = Debug|Any CPU
		{EEF075F6-ED93-47A1-8F66-7B85774AA4F4}.Release|Any CPU.ActiveCfg = Release|Any CPU
		{EEF075F6-ED93-47A1-8F66-7B85774AA4F4}.Release|Any CPU.Build.0 = Release|Any CPU
		{3A7068AB-04F8-4824-B9C3-AFD0D456B7D7}.Debug|Any CPU.ActiveCfg = Debug|Any CPU
		{3A7068AB-04F8-4824-B9C3-AFD0D456B7D7}.Debug|Any CPU.Build.0 = Debug|Any CPU
		{3A7068AB-04F8-4824-B9C3-AFD0D456B7D7}.Release|Any CPU.ActiveCfg = Release|Any CPU
		{3A7068AB-04F8-4824-B9C3-AFD0D456B7D7}.Release|Any CPU.Build.0 = Release|Any CPU
		{216C2DC2-1886-4E72-A72B-6DC9D1934BA8}.Debug|Any CPU.ActiveCfg = Debug|Any CPU
		{216C2DC2-1886-4E72-A72B-6DC9D1934BA8}.Debug|Any CPU.Build.0 = Debug|Any CPU
		{216C2DC2-1886-4E72-A72B-6DC9D1934BA8}.Release|Any CPU.ActiveCfg = Release|Any CPU
		{216C2DC2-1886-4E72-A72B-6DC9D1934BA8}.Release|Any CPU.Build.0 = Release|Any CPU
	EndGlobalSection
	GlobalSection(SolutionProperties) = preSolution
		HideSolutionNode = FALSE
	EndGlobalSection
	GlobalSection(NestedProjects) = preSolution
		{3A7068AB-04F8-4824-B9C3-AFD0D456B7D7} = {774C426A-407D-4BC6-8F10-220A5D56E302}
		{216C2DC2-1886-4E72-A72B-6DC9D1934BA8} = {774C426A-407D-4BC6-8F10-220A5D56E302}
	EndGlobalSection
	GlobalSection(ExtensibilityGlobals) = postSolution
		SolutionGuid = {706D8B7A-32AC-45D5-AACB-F147BE05395D}
	EndGlobalSection
EndGlobal
